PODS:
  - Flutter (1.0.0)
  - flutter_toast (0.0.1):
    - Flutter

DEPENDENCIES:
  - Flutter (from `.symlinks/flutter/ios`)
  - flutter_toast (from `.symlinks/plugins/flutter_toast/ios`)

EXTERNAL SOURCES:
  Flutter:
    :path: ".symlinks/flutter/ios"
  flutter_toast:
    :path: ".symlinks/plugins/flutter_toast/ios"

SPEC CHECKSUMS:
  Flutter: 9d0fac939486c9aba2809b7982dfdbb47a7b0296
  flutter_toast: d49294a8f53b315e3f47133d9bb866ba0efad805

PODFILE CHECKSUM: 1e5af4103afd21ca5ead147d7b81d06f494f51a2

COCOAPODS: 1.5.3
